// !$*UTF8*$!
{
	archiveVersion = 1;
	classes = {
	};
	objectVersion = 46;
	objects = {

/* Begin PBXBuildFile section */
		022343661D2C78E0004DA412 /* AppDelegate.swift in Sources */ = {isa = PBXBuildFile; fileRef = 022343651D2C78E0004DA412 /* AppDelegate.swift */; };
		022343681D2C78E0004DA412 /* MasterBreweryViewController.swift in Sources */ = {isa = PBXBuildFile; fileRef = 022343671D2C78E0004DA412 /* MasterBreweryViewController.swift */; };
		0223436B1D2C78E0004DA412 /* Main.storyboard in Resources */ = {isa = PBXBuildFile; fileRef = 022343691D2C78E0004DA412 /* Main.storyboard */; };
		0223436D1D2C78E0004DA412 /* Assets.xcassets in Resources */ = {isa = PBXBuildFile; fileRef = 0223436C1D2C78E0004DA412 /* Assets.xcassets */; };
		022343701D2C78E0004DA412 /* LaunchScreen.storyboard in Resources */ = {isa = PBXBuildFile; fileRef = 0223436E1D2C78E0004DA412 /* LaunchScreen.storyboard */; };
		0223437B1D2C78E0004DA412 /* Beer_ClubTests.swift in Sources */ = {isa = PBXBuildFile; fileRef = 0223437A1D2C78E0004DA412 /* Beer_ClubTests.swift */; };
		022343861D2C78E0004DA412 /* Beer_ClubUITests.swift in Sources */ = {isa = PBXBuildFile; fileRef = 022343851D2C78E0004DA412 /* Beer_ClubUITests.swift */; };
		022343941D2C8447004DA412 /* DetailViewController.swift in Sources */ = {isa = PBXBuildFile; fileRef = 022343931D2C8447004DA412 /* DetailViewController.swift */; };
/* End PBXBuildFile section */

/* Begin PBXContainerItemProxy section */
		022343771D2C78E0004DA412 /* PBXContainerItemProxy */ = {
			isa = PBXContainerItemProxy;
			containerPortal = 0223435A1D2C78E0004DA412 /* Project object */;
			proxyType = 1;
			remoteGlobalIDString = 022343611D2C78E0004DA412;
			remoteInfo = "Beer Club";
		};
		022343821D2C78E0004DA412 /* PBXContainerItemProxy */ = {
			isa = PBXContainerItemProxy;
			containerPortal = 0223435A1D2C78E0004DA412 /* Project object */;
			proxyType = 1;
			remoteGlobalIDString = 022343611D2C78E0004DA412;
			remoteInfo = "Beer Club";
		};
/* End PBXContainerItemProxy section */

/* Begin PBXFileReference section */
		022343621D2C78E0004DA412 /* Beer Club.app */ = {isa = PBXFileReference; explicitFileType = wrapper.application; includeInIndex = 0; path = "Beer Club.app"; sourceTree = BUILT_PRODUCTS_DIR; };
		022343651D2C78E0004DA412 /* AppDelegate.swift */ = {isa = PBXFileReference; lastKnownFileType = sourcecode.swift; path = AppDelegate.swift; sourceTree = "<group>"; };
		022343671D2C78E0004DA412 /* MasterBreweryViewController.swift */ = {isa = PBXFileReference; lastKnownFileType = sourcecode.swift; path = MasterBreweryViewController.swift; sourceTree = "<group>"; };
		0223436A1D2C78E0004DA412 /* Base */ = {isa = PBXFileReference; lastKnownFileType = file.storyboard; name = Base; path = Base.lproj/Main.storyboard; sourceTree = "<group>"; };
		0223436C1D2C78E0004DA412 /* Assets.xcassets */ = {isa = PBXFileReference; lastKnownFileType = folder.assetcatalog; path = Assets.xcassets; sourceTree = "<group>"; };
		0223436F1D2C78E0004DA412 /* Base */ = {isa = PBXFileReference; lastKnownFileType = file.storyboard; name = Base; path = Base.lproj/LaunchScreen.storyboard; sourceTree = "<group>"; };
		022343711D2C78E0004DA412 /* Info.plist */ = {isa = PBXFileReference; lastKnownFileType = text.plist.xml; path = Info.plist; sourceTree = "<group>"; };
		022343761D2C78E0004DA412 /* Beer ClubTests.xctest */ = {isa = PBXFileReference; explicitFileType = wrapper.cfbundle; includeInIndex = 0; path = "Beer ClubTests.xctest"; sourceTree = BUILT_PRODUCTS_DIR; };
		0223437A1D2C78E0004DA412 /* Beer_ClubTests.swift */ = {isa = PBXFileReference; lastKnownFileType = sourcecode.swift; path = Beer_ClubTests.swift; sourceTree = "<group>"; };
		0223437C1D2C78E0004DA412 /* Info.plist */ = {isa = PBXFileReference; lastKnownFileType = text.plist.xml; path = Info.plist; sourceTree = "<group>"; };
		022343811D2C78E0004DA412 /* Beer ClubUITests.xctest */ = {isa = PBXFileReference; explicitFileType = wrapper.cfbundle; includeInIndex = 0; path = "Beer ClubUITests.xctest"; sourceTree = BUILT_PRODUCTS_DIR; };
		022343851D2C78E0004DA412 /* Beer_ClubUITests.swift */ = {isa = PBXFileReference; lastKnownFileType = sourcecode.swift; path = Beer_ClubUITests.swift; sourceTree = "<group>"; };
		022343871D2C78E0004DA412 /* Info.plist */ = {isa = PBXFileReference; lastKnownFileType = text.plist.xml; path = Info.plist; sourceTree = "<group>"; };
		022343931D2C8447004DA412 /* DetailViewController.swift */ = {isa = PBXFileReference; fileEncoding = 4; lastKnownFileType = sourcecode.swift; path = DetailViewController.swift; sourceTree = "<group>"; };
/* End PBXFileReference section */

/* Begin PBXFrameworksBuildPhase section */
		0223435F1D2C78E0004DA412 /* Frameworks */ = {
			isa = PBXFrameworksBuildPhase;
			buildActionMask = 2147483647;
			files = (
			);
			runOnlyForDeploymentPostprocessing = 0;
		};
		022343731D2C78E0004DA412 /* Frameworks */ = {
			isa = PBXFrameworksBuildPhase;
			buildActionMask = 2147483647;
			files = (
			);
			runOnlyForDeploymentPostprocessing = 0;
		};
		0223437E1D2C78E0004DA412 /* Frameworks */ = {
			isa = PBXFrameworksBuildPhase;
			buildActionMask = 2147483647;
			files = (
			);
			runOnlyForDeploymentPostprocessing = 0;
		};
/* End PBXFrameworksBuildPhase section */

/* Begin PBXGroup section */
		022343591D2C78E0004DA412 = {
			isa = PBXGroup;
			children = (
				022343641D2C78E0004DA412 /* Beer Club */,
				022343791D2C78E0004DA412 /* Beer ClubTests */,
				022343841D2C78E0004DA412 /* Beer ClubUITests */,
				022343631D2C78E0004DA412 /* Products */,
			);
			sourceTree = "<group>";
		};
		022343631D2C78E0004DA412 /* Products */ = {
			isa = PBXGroup;
			children = (
				022343621D2C78E0004DA412 /* Beer Club.app */,
				022343761D2C78E0004DA412 /* Beer ClubTests.xctest */,
				022343811D2C78E0004DA412 /* Beer ClubUITests.xctest */,
			);
			name = Products;
			sourceTree = "<group>";
		};
		022343641D2C78E0004DA412 /* Beer Club */ = {
			isa = PBXGroup;
			children = (
				022343651D2C78E0004DA412 /* AppDelegate.swift */,
				022343671D2C78E0004DA412 /* MasterBreweryViewController.swift */,
				022343691D2C78E0004DA412 /* Main.storyboard */,
				022343931D2C8447004DA412 /* DetailViewController.swift */,
				0223436C1D2C78E0004DA412 /* Assets.xcassets */,
				0223436E1D2C78E0004DA412 /* LaunchScreen.storyboard */,
				022343711D2C78E0004DA412 /* Info.plist */,
			);
			path = "Beer Club";
			sourceTree = "<group>";
		};
		022343791D2C78E0004DA412 /* Beer ClubTests */ = {
			isa = PBXGroup;
			children = (
				0223437A1D2C78E0004DA412 /* Beer_ClubTests.swift */,
				0223437C1D2C78E0004DA412 /* Info.plist */,
			);
			path = "Beer ClubTests";
			sourceTree = "<group>";
		};
		022343841D2C78E0004DA412 /* Beer ClubUITests */ = {
			isa = PBXGroup;
			children = (
				022343851D2C78E0004DA412 /* Beer_ClubUITests.swift */,
				022343871D2C78E0004DA412 /* Info.plist */,
			);
			path = "Beer ClubUITests";
			sourceTree = "<group>";
		};
/* End PBXGroup section */

/* Begin PBXNativeTarget section */
		022343611D2C78E0004DA412 /* Beer Club */ = {
			isa = PBXNativeTarget;
			buildConfigurationList = 0223438A1D2C78E0004DA412 /* Build configuration list for PBXNativeTarget "Beer Club" */;
			buildPhases = (
				0223435E1D2C78E0004DA412 /* Sources */,
				0223435F1D2C78E0004DA412 /* Frameworks */,
				022343601D2C78E0004DA412 /* Resources */,
			);
			buildRules = (
			);
			dependencies = (
			);
			name = "Beer Club";
			productName = "Beer Club";
			productReference = 022343621D2C78E0004DA412 /* Beer Club.app */;
			productType = "com.apple.product-type.application";
		};
		022343751D2C78E0004DA412 /* Beer ClubTests */ = {
			isa = PBXNativeTarget;
			buildConfigurationList = 0223438D1D2C78E0004DA412 /* Build configuration list for PBXNativeTarget "Beer ClubTests" */;
			buildPhases = (
				022343721D2C78E0004DA412 /* Sources */,
				022343731D2C78E0004DA412 /* Frameworks */,
				022343741D2C78E0004DA412 /* Resources */,
			);
			buildRules = (
			);
			dependencies = (
				022343781D2C78E0004DA412 /* PBXTargetDependency */,
			);
			name = "Beer ClubTests";
			productName = "Beer ClubTests";
			productReference = 022343761D2C78E0004DA412 /* Beer ClubTests.xctest */;
			productType = "com.apple.product-type.bundle.unit-test";
		};
		022343801D2C78E0004DA412 /* Beer ClubUITests */ = {
			isa = PBXNativeTarget;
			buildConfigurationList = 022343901D2C78E0004DA412 /* Build configuration list for PBXNativeTarget "Beer ClubUITests" */;
			buildPhases = (
				0223437D1D2C78E0004DA412 /* Sources */,
				0223437E1D2C78E0004DA412 /* Frameworks */,
				0223437F1D2C78E0004DA412 /* Resources */,
			);
			buildRules = (
			);
			dependencies = (
				022343831D2C78E0004DA412 /* PBXTargetDependency */,
			);
			name = "Beer ClubUITests";
			productName = "Beer ClubUITests";
			productReference = 022343811D2C78E0004DA412 /* Beer ClubUITests.xctest */;
			productType = "com.apple.product-type.bundle.ui-testing";
		};
/* End PBXNativeTarget section */

/* Begin PBXProject section */
		0223435A1D2C78E0004DA412 /* Project object */ = {
			isa = PBXProject;
			attributes = {
				LastSwiftUpdateCheck = 0730;
				LastUpgradeCheck = 0730;
				ORGANIZATIONNAME = "Katie Bautista";
				TargetAttributes = {
					022343611D2C78E0004DA412 = {
						CreatedOnToolsVersion = 7.3.1;
					};
					022343751D2C78E0004DA412 = {
						CreatedOnToolsVersion = 7.3.1;
						TestTargetID = 022343611D2C78E0004DA412;
					};
					022343801D2C78E0004DA412 = {
						CreatedOnToolsVersion = 7.3.1;
						TestTargetID = 022343611D2C78E0004DA412;
					};
				};
			};
			buildConfigurationList = 0223435D1D2C78E0004DA412 /* Build configuration list for PBXProject "Beer Club" */;
			compatibilityVersion = "Xcode 3.2";
			developmentRegion = English;
			hasScannedForEncodings = 0;
			knownRegions = (
				en,
				Base,
			);
			mainGroup = 022343591D2C78E0004DA412;
			productRefGroup = 022343631D2C78E0004DA412 /* Products */;
			projectDirPath = "";
			projectRoot = "";
			targets = (
				022343611D2C78E0004DA412 /* Beer Club */,
				022343751D2C78E0004DA412 /* Beer ClubTests */,
				022343801D2C78E0004DA412 /* Beer ClubUITests */,
			);
		};
/* End PBXProject section */

/* Begin PBXResourcesBuildPhase section */
		022343601D2C78E0004DA412 /* Resources */ = {
			isa = PBXResourcesBuildPhase;
			buildActionMask = 2147483647;
			files = (
				022343701D2C78E0004DA412 /* LaunchScreen.storyboard in Resources */,
				0223436D1D2C78E0004DA412 /* Assets.xcassets in Resources */,
				0223436B1D2C78E0004DA412 /* Main.storyboard in Resources */,
			);
			runOnlyForDeploymentPostprocessing = 0;
		};
		022343741D2C78E0004DA412 /* Resources */ = {
			isa = PBXResourcesBuildPhase;
			buildActionMask = 2147483647;
			files = (
			);
			runOnlyForDeploymentPostprocessing = 0;
		};
		0223437F1D2C78E0004DA412 /* Resources */ = {
			isa = PBXResourcesBuildPhase;
			buildActionMask = 2147483647;
			files = (
			);
			runOnlyForDeploymentPostprocessing = 0;
		};
/* End PBXResourcesBuildPhase section */

/* Begin PBXSourcesBuildPhase section */
		0223435E1D2C78E0004DA412 /* Sources */ = {
			isa = PBXSourcesBuildPhase;
			buildActionMask = 2147483647;
			files = (
				022343941D2C8447004DA412 /* DetailViewController.swift in Sources */,
				022343681D2C78E0004DA412 /* MasterBreweryViewController.swift in Sources */,
				022343661D2C78E0004DA412 /* AppDelegate.swift in Sources */,
			);
			runOnlyForDeploymentPostprocessing = 0;
		};
		022343721D2C78E0004DA412 /* Sources */ = {
			isa = PBXSourcesBuildPhase;
			buildActionMask = 2147483647;
			files = (
				0223437B1D2C78E0004DA412 /* Beer_ClubTests.swift in Sources */,
			);
			runOnlyForDeploymentPostprocessing = 0;
		};
		0223437D1D2C78E0004DA412 /* Sources */ = {
			isa = PBXSourcesBuildPhase;
			buildActionMask = 2147483647;
			files = (
				022343861D2C78E0004DA412 /* Beer_ClubUITests.swift in Sources */,
			);
			runOnlyForDeploymentPostprocessing = 0;
		};
/* End PBXSourcesBuildPhase section */

/* Begin PBXTargetDependency section */
		022343781D2C78E0004DA412 /* PBXTargetDependency */ = {
			isa = PBXTargetDependency;
			target = 022343611D2C78E0004DA412 /* Beer Club */;
			targetProxy = 022343771D2C78E0004DA412 /* PBXContainerItemProxy */;
		};
		022343831D2C78E0004DA412 /* PBXTargetDependency */ = {
			isa = PBXTargetDependency;
			target = 022343611D2C78E0004DA412 /* Beer Club */;
			targetProxy = 022343821D2C78E0004DA412 /* PBXContainerItemProxy */;
		};
/* End PBXTargetDependency section */

/* Begin PBXVariantGroup section */
		022343691D2C78E0004DA412 /* Main.storyboard */ = {
			isa = PBXVariantGroup;
			children = (
				0223436A1D2C78E0004DA412 /* Base */,
			);
			name = Main.storyboard;
			sourceTree = "<group>";
		};
		0223436E1D2C78E0004DA412 /* LaunchScreen.storyboard */ = {
			isa = PBXVariantGroup;
			children = (
				0223436F1D2C78E0004DA412 /* Base */,
			);
			name = LaunchScreen.storyboard;
			sourceTree = "<group>";
		};
/* End PBXVariantGroup section */

/* Begin XCBuildConfiguration section */
		022343881D2C78E0004DA412 /* Debug */ = {
			isa = XCBuildConfiguration;
			buildSettings = {
				ALWAYS_SEARCH_USER_PATHS = NO;
				CLANG_ANALYZER_NONNULL = YES;
				CLANG_CXX_LANGUAGE_STANDARD = "gnu++0x";
				CLANG_CXX_LIBRARY = "libc++";
				CLANG_ENABLE_MODULES = YES;
				CLANG_ENABLE_OBJC_ARC = YES;
				CLANG_WARN_BOOL_CONVERSION = YES;
				CLANG_WARN_CONSTANT_CONVERSION = YES;
				CLANG_WARN_DIRECT_OBJC_ISA_USAGE = YES_ERROR;
				CLANG_WARN_EMPTY_BODY = YES;
				CLANG_WARN_ENUM_CONVERSION = YES;
				CLANG_WARN_INT_CONVERSION = YES;
				CLANG_WARN_OBJC_ROOT_CLASS = YES_ERROR;
				CLANG_WARN_UNREACHABLE_CODE = YES;
				CLANG_WARN__DUPLICATE_METHOD_MATCH = YES;
				"CODE_SIGN_IDENTITY[sdk=iphoneos*]" = "iPhone Developer";
				COPY_PHASE_STRIP = NO;
				DEBUG_INFORMATION_FORMAT = dwarf;
				ENABLE_STRICT_OBJC_MSGSEND = YES;
				ENABLE_TESTABILITY = YES;
				GCC_C_LANGUAGE_STANDARD = gnu99;
				GCC_DYNAMIC_NO_PIC = NO;
				GCC_NO_COMMON_BLOCKS = YES;
				GCC_OPTIMIZATION_LEVEL = 0;
				GCC_PREPROCESSOR_DEFINITIONS = (
					"DEBUG=1",
					"$(inherited)",
				);
				GCC_WARN_64_TO_32_BIT_CONVERSION = YES;
				GCC_WARN_ABOUT_RETURN_TYPE = YES_ERROR;
				GCC_WARN_UNDECLARED_SELECTOR = YES;
				GCC_WARN_UNINITIALIZED_AUTOS = YES_AGGRESSIVE;
				GCC_WARN_UNUSED_FUNCTION = YES;
				GCC_WARN_UNUSED_VARIABLE = YES;
				IPHONEOS_DEPLOYMENT_TARGET = 9.3;
				MTL_ENABLE_DEBUG_INFO = YES;
				ONLY_ACTIVE_ARCH = YES;
				SDKROOT = iphoneos;
				SWIFT_OPTIMIZATION_LEVEL = "-Onone";
			};
			name = Debug;
		};
		022343891D2C78E0004DA412 /* Release */ = {
			isa = XCBuildConfiguration;
			buildSettings = {
				ALWAYS_SEARCH_USER_PATHS = NO;
				CLANG_ANALYZER_NONNULL = YES;
				CLANG_CXX_LANGUAGE_STANDARD = "gnu++0x";
				CLANG_CXX_LIBRARY = "libc++";
				CLANG_ENABLE_MODULES = YES;
				CLANG_ENABLE_OBJC_ARC = YES;
				CLANG_WARN_BOOL_CONVERSION = YES;
				CLANG_WARN_CONSTANT_CONVERSION = YES;
				CLANG_WARN_DIRECT_OBJC_ISA_USAGE = YES_ERROR;
				CLANG_WARN_EMPTY_BODY = YES;
				CLANG_WARN_ENUM_CONVERSION = YES;
				CLANG_WARN_INT_CONVERSION = YES;
				CLANG_WARN_OBJC_ROOT_CLASS = YES_ERROR;
				CLANG_WARN_UNREACHABLE_CODE = YES;
				CLANG_WARN__DUPLICATE_METHOD_MATCH = YES;
				"CODE_SIGN_IDENTITY[sdk=iphoneos*]" = "iPhone Developer";
				COPY_PHASE_STRIP = NO;
				DEBUG_INFORMATION_FORMAT = "dwarf-with-dsym";
				ENABLE_NS_ASSERTIONS = NO;
				ENABLE_STRICT_OBJC_MSGSEND = YES;
				GCC_C_LANGUAGE_STANDARD = gnu99;
				GCC_NO_COMMON_BLOCKS = YES;
				GCC_WARN_64_TO_32_BIT_CONVERSION = YES;
				GCC_WARN_ABOUT_RETURN_TYPE = YES_ERROR;
				GCC_WARN_UNDECLARED_SELECTOR = YES;
				GCC_WARN_UNINITIALIZED_AUTOS = YES_AGGRESSIVE;
				GCC_WARN_UNUSED_FUNCTION = YES;
				GCC_WARN_UNUSED_VARIABLE = YES;
				IPHONEOS_DEPLOYMENT_TARGET = 9.3;
				MTL_ENABLE_DEBUG_INFO = NO;
				SDKROOT = iphoneos;
				VALIDATE_PRODUCT = YES;
			};
			name = Release;
		};
		0223438B1D2C78E0004DA412 /* Debug */ = {
			isa = XCBuildConfiguration;
			buildSettings = {
				ASSETCATALOG_COMPILER_APPICON_NAME = AppIcon;
				INFOPLIST_FILE = "Beer Club/Info.plist";
				LD_RUNPATH_SEARCH_PATHS = "$(inherited) @executable_path/Frameworks";
				PRODUCT_BUNDLE_IDENTIFIER = "com.katiebautista.Beer-Club";
				PRODUCT_NAME = "$(TARGET_NAME)";
			};
			name = Debug;
		};
		0223438C1D2C78E0004DA412 /* Release */ = {
			isa = XCBuildConfiguration;
			buildSettings = {
				ASSETCATALOG_COMPILER_APPICON_NAME = AppIcon;
				INFOPLIST_FILE = "Beer Club/Info.plist";
				LD_RUNPATH_SEARCH_PATHS = "$(inherited) @executable_path/Frameworks";
				PRODUCT_BUNDLE_IDENTIFIER = "com.katiebautista.Beer-Club";
				PRODUCT_NAME = "$(TARGET_NAME)";
			};
			name = Release;
		};
		0223438E1D2C78E0004DA412 /* Debug */ = {
			isa = XCBuildConfiguration;
			buildSettings = {
				BUNDLE_LOADER = "$(TEST_HOST)";
				INFOPLIST_FILE = "Beer ClubTests/Info.plist";
				LD_RUNPATH_SEARCH_PATHS = "$(inherited) @executable_path/Frameworks @loader_path/Frameworks";
				PRODUCT_BUNDLE_IDENTIFIER = "com.katiebautista.Beer-ClubTests";
				PRODUCT_NAME = "$(TARGET_NAME)";
				TEST_HOST = "$(BUILT_PRODUCTS_DIR)/Beer Club.app/Beer Club";
			};
			name = Debug;
		};
		0223438F1D2C78E0004DA412 /* Release */ = {
			isa = XCBuildConfiguration;
			buildSettings = {
				BUNDLE_LOADER = "$(TEST_HOST)";
				INFOPLIST_FILE = "Beer ClubTests/Info.plist";
				LD_RUNPATH_SEARCH_PATHS = "$(inherited) @executable_path/Frameworks @loader_path/Frameworks";
				PRODUCT_BUNDLE_IDENTIFIER = "com.katiebautista.Beer-ClubTests";
				PRODUCT_NAME = "$(TARGET_NAME)";
				TEST_HOST = "$(BUILT_PRODUCTS_DIR)/Beer Club.app/Beer Club";
			};
			name = Release;
		};
		022343911D2C78E0004DA412 /* Debug */ = {
			isa = XCBuildConfiguration;
			buildSettings = {
				INFOPLIST_FILE = "Beer ClubUITests/Info.plist";
				LD_RUNPATH_SEARCH_PATHS = "$(inherited) @executable_path/Frameworks @loader_path/Frameworks";
				PRODUCT_BUNDLE_IDENTIFIER = "com.katiebautista.Beer-ClubUITests";
				PRODUCT_NAME = "$(TARGET_NAME)";
				TEST_TARGET_NAME = "Beer Club";
			};
			name = Debug;
		};
		022343921D2C78E0004DA412 /* Release */ = {
			isa = XCBuildConfiguration;
			buildSettings = {
				INFOPLIST_FILE = "Beer ClubUITests/Info.plist";
				LD_RUNPATH_SEARCH_PATHS = "$(inherited) @executable_path/Frameworks @loader_path/Frameworks";
				PRODUCT_BUNDLE_IDENTIFIER = "com.katiebautista.Beer-ClubUITests";
				PRODUCT_NAME = "$(TARGET_NAME)";
				TEST_TARGET_NAME = "Beer Club";
			};
			name = Release;
		};
/* End XCBuildConfiguration section */

/* Begin XCConfigurationList section */
		0223435D1D2C78E0004DA412 /* Build configuration list for PBXProject "Beer Club" */ = {
			isa = XCConfigurationList;
			buildConfigurations = (
				022343881D2C78E0004DA412 /* Debug */,
				022343891D2C78E0004DA412 /* Release */,
			);
			defaultConfigurationIsVisible = 0;
			defaultConfigurationName = Release;
		};
		0223438A1D2C78E0004DA412 /* Build configuration list for PBXNativeTarget "Beer Club" */ = {
			isa = XCConfigurationList;
			buildConfigurations = (
				0223438B1D2C78E0004DA412 /* Debug */,
				0223438C1D2C78E0004DA412 /* Release */,
			);
			defaultConfigurationIsVisible = 0;
		};
		0223438D1D2C78E0004DA412 /* Build configuration list for PBXNativeTarget "Beer ClubTests" */ = {
			isa = XCConfigurationList;
			buildConfigurations = (
				0223438E1D2C78E0004DA412 /* Debug */,
				0223438F1D2C78E0004DA412 /* Release */,
			);
			defaultConfigurationIsVisible = 0;
		};
		022343901D2C78E0004DA412 /* Build configuration list for PBXNativeTarget "Beer ClubUITests" */ = {
			isa = XCConfigurationList;
			buildConfigurations = (
				022343911D2C78E0004DA412 /* Debug */,
				022343921D2C78E0004DA412 /* Release */,
			);
			defaultConfigurationIsVisible = 0;
		};
/* End XCConfigurationList section */
	};
	rootObject = 0223435A1D2C78E0004DA412 /* Project object */;
}
